
Microsoft Visual Studio Solution File, Format Version 12.00
# Visual Studio Version 17
VisualStudioVersion = 17.14.36623.8
MinimumVisualStudioVersion = 10.0.40219.1
Project("{FAE04EC0-301F-11D3-BF4B-00C04F79EFBC}") = "01-Varibles", "01-Varibles\01-Varibles.csproj", "{91CE7555-5280-4DB1-B176-0B6E3812B9D4}"
EndProject
Project("{FAE04EC0-301F-11D3-BF4B-00C04F79EFBC}") = "02-Data_Types_&_Conversions", "02-Veri_Tipleri_ve_Donusumler\02-Data_Types_&_Conversions.csproj", "{1CEC0684-C25F-493D-821D-1F126FCC4E0F}"
EndProject
Project("{FAE04EC0-301F-11D3-BF4B-00C04F79EFBC}") = "03-Arrays", "03-Arrays\03-Arrays.csproj", "{2EDFA3C1-68A0-4202-84FC-A5D074A9066F}"
EndProject
Project("{FAE04EC0-301F-11D3-BF4B-00C04F79EFBC}") = "04-Operators", "04-Operators\04-Operators.csproj", "{C89D5723-8403-4EBE-B723-0BE9655A012F}"
EndProject
Project("{FAE04EC0-301F-11D3-BF4B-00C04F79EFBC}") = "05-Conditional_Statements", "05-Conditional_Statements\05-Conditional_Statements.csproj", "{C4F77F64-A5D6-4D3B-87C5-9B384D30A34F}"
EndProject
Project("{FAE04EC0-301F-11D3-BF4B-00C04F79EFBC}") = "06-Loops", "06-Loops\06-Loops.csproj", "{6CBA013E-5EA8-4B29-B420-5C2B7A8B6130}"
EndProject
Project("{FAE04EC0-301F-11D3-BF4B-00C04F79EFBC}") = "07-Methods", "07-Methods\07-Methods.csproj", "{65BF904B-2D7C-4404-AFF5-6B1928BBCF17}"
EndProject
Project("{FAE04EC0-301F-11D3-BF4B-00C04F79EFBC}") = "08-Classes", "08-Classes\08-Classes.csproj", "{B2B32284-255E-400F-93D5-7064B22C77F7}"
EndProject
Project("{FAE04EC0-301F-11D3-BF4B-00C04F79EFBC}") = "07-Methods-TextAnalyzer", "07-Methods-TextAnalyzer\07-Methods-TextAnalyzer.csproj", "{4408D917-FDC2-4608-BD81-4BE3C6F17BE4}"
EndProject
Project("{FAE04EC0-301F-11D3-BF4B-00C04F79EFBC}") = "09-Access_Modifiers", "09-Access_Modifiers\09-Access_Modifiers.csproj", "{E4D6DA7A-0FDB-4A54-B35D-EA442D9A88E9}"
EndProject
Project("{FAE04EC0-301F-11D3-BF4B-00C04F79EFBC}") = "10-Properties", "10-Properties\10-Properties.csproj", "{9F2C9A51-8F63-4F3C-85ED-C469D4FF0959}"
EndProject
Project("{FAE04EC0-301F-11D3-BF4B-00C04F79EFBC}") = "11-Structs", "11-Structs\11-Structs.csproj", "{417474E6-AB92-4B9B-AC57-D17BB5E43E54}"
EndProject
Project("{FAE04EC0-301F-11D3-BF4B-00C04F79EFBC}") = "12-StringClass", "12-StringClass\12-StringClass.csproj", "{A55BD3D9-A999-4C4A-B348-702153FD5350}"
EndProject
Project("{FAE04EC0-301F-11D3-BF4B-00C04F79EFBC}") = "13-Enums", "13-Enums\13-Enums.csproj", "{7A4CF25F-C8B5-4918-B658-764F8A49246D}"
EndProject
Project("{FAE04EC0-301F-11D3-BF4B-00C04F79EFBC}") = "14-Inheritance", "14-Inheritance\14-Inheritance.csproj", "{D4D89D7D-E7A5-4649-9DE8-E1CA9CEE25DC}"
EndProject
Project("{FAE04EC0-301F-11D3-BF4B-00C04F79EFBC}") = "14-BankaHesapSistemi", "14-BankaHesapSistemi\14-BankaHesapSistemi.csproj", "{E3C65699-3C6D-4744-8D9E-2C2544454411}"
EndProject
Project("{FAE04EC0-301F-11D3-BF4B-00C04F79EFBC}") = "15-Encapsulation", "15-Encapsulation\15-Encapsulation.csproj", "{9518207F-63B9-4488-9718-7AB362A64DCE}"
EndProject
Project("{FAE04EC0-301F-11D3-BF4B-00C04F79EFBC}") = "15-PekistirmeOrnekler", "15-PekistirmeOrnekler\15-PekistirmeOrnekler.csproj", "{916F0E81-1CFC-4575-B8B6-F9CD1D299B31}"
EndProject
Project("{FAE04EC0-301F-11D3-BF4B-00C04F79EFBC}") = "16-Interfaces", "16-Interfaces\16-Interfaces.csproj", "{BC1D3102-1FE6-4AEF-93E5-34DABD4AFB3A}"
EndProject
Project("{FAE04EC0-301F-11D3-BF4B-00C04F79EFBC}") = "16-PekistirmeOrnekler", "16-PekistirmeOrnekler\16-PekistirmeOrnekler.csproj", "{52B78124-82DC-4C8F-B66C-30B623BEAC22}"
EndProject
Project("{FAE04EC0-301F-11D3-BF4B-00C04F79EFBC}") = "17-AbstractClasses", "17-AbstractClasses\17-AbstractClasses.csproj", "{CDCEBCEB-7F30-4F18-B73A-A23B0F990302}"
EndProject
Project("{FAE04EC0-301F-11D3-BF4B-00C04F79EFBC}") = "17-CalisanSistemiOrnek", "17-CalisanSistemiOrnek\17-CalisanSistemiOrnek.csproj", "{984BC6EA-6E85-4F70-89C4-9A2C100F0467}"
EndProject
Project("{FAE04EC0-301F-11D3-BF4B-00C04F79EFBC}") = "18-Collections", "18-Collections\18-Collections.csproj", "{D04DC659-B3B4-42D6-8AE2-27F62E64A742}"
EndProject
Project("{FAE04EC0-301F-11D3-BF4B-00C04F79EFBC}") = "18-PekistirmeOrnekler", "18-PekistirmeOrnekler\18-PekistirmeOrnekler.csproj", "{E72B7468-8824-4C48-92DD-39954ABE90D5}"
EndProject
Project("{FAE04EC0-301F-11D3-BF4B-00C04F79EFBC}") = "19-Delegates", "19-Delegates\19-Delegates.csproj", "{495C8FB8-A578-4FF6-B9EE-89FFE2EED955}"
EndProject
Project("{FAE04EC0-301F-11D3-BF4B-00C04F79EFBC}") = "19-PekistirmeOrnekler", "19-PekistirmeOrnekler\19-PekistirmeOrnekler.csproj", "{2A152AAC-36DE-447A-817F-62A3237A466F}"
EndProject
Project("{FAE04EC0-301F-11D3-BF4B-00C04F79EFBC}") = "WindowsForms-01-Introduction", "WindowsForms-01\WindowsForms-01-Introduction.csproj", "{BBD02E96-7837-4629-8BE6-ED13BD66F085}"
EndProject
Project("{FAE04EC0-301F-11D3-BF4B-00C04F79EFBC}") = "WindowsForms-02-Controls&ButtonHandling", "WindowsForms-02-Controls&ButtonHandling\WindowsForms-02-Controls&ButtonHandling.csproj", "{54265B9E-2B6D-4BCC-A6B9-BD6FA8E23411}"
EndProject
Project("{FAE04EC0-301F-11D3-BF4B-00C04F79EFBC}") = "WindowsForms-03-KullaniciGirisEkrani", "WindowsForms-03-KullaniciGirisEkrani\WindowsForms-03-KullaniciGirisEkrani.csproj", "{E742E9D9-29EE-4C62-8346-345BA2F8CEEC}"
EndProject
Project("{FAE04EC0-301F-11D3-BF4B-00C04F79EFBC}") = "WindowsForms-04-NumericUpDown&DomainUpDownControls", "WindowsForms-04-NumericUpDown&DomainUpDownControls\WindowsForms-04-NumericUpDown&DomainUpDownControls.csproj", "{CEC4060D-7AA1-417B-93F2-7263F156A637}"
EndProject
Project("{FAE04EC0-301F-11D3-BF4B-00C04F79EFBC}") = "WindowsForms-05-DateTimePicker&ProgressBar_Controls", "WindowsForms-05-DateTimePicker&ProgressBar_Controls\WindowsForms-05-DateTimePicker&ProgressBar_Controls.csproj", "{BA495A0C-85BE-47E4-8E16-D929F5ECC577}"
EndProject
Project("{FAE04EC0-301F-11D3-BF4B-00C04F79EFBC}") = "WindowsForms-06-TreeView&MenuStrip_Controls", "WindowsForms-06-TreeView&MenuStrip_Controls\WindowsForms-06-TreeView&MenuStrip_Controls.csproj", "{C9A806D8-657C-4FDB-AB66-AA468EE71ECA}"
EndProject
Project("{FAE04EC0-301F-11D3-BF4B-00C04F79EFBC}") = "WindowsForms-07-ToolStrip&TrackBar_Controls", "WindowsForms-07-ToolStrip&TrackBar_Controls\WindowsForms-07-ToolStrip&TrackBar_Controls.csproj", "{DC399573-976B-47BE-9B10-C99AD795A649}"
EndProject
Project("{FAE04EC0-301F-11D3-BF4B-00C04F79EFBC}") = "WindowsForms-08-TabControlComponent", "WindowsForms-08-TabControlComponent\WindowsForms-08-TabControlComponent.csproj", "{4D55D9F8-DD5E-4A1F-A89C-A5F00D29C4D0}"
EndProject
Project("{FAE04EC0-301F-11D3-BF4B-00C04F79EFBC}") = "WindowsForms-09-Media&FolderOrganization", "WindowsForms-09-Media&FolderOrganization\WindowsForms-09-Media&FolderOrganization.csproj", "{F5561E02-C032-4E6C-853C-81036CC21115}"
EndProject
Project("{2150E333-8FDC-42A3-9474-1A3956D46DE8}") = "SQL-01-CoreConcepts", "SQL-01-CoreConcepts", "{02EA681E-C7D8-13C7-8484-4AC65E1B71E8}"
	ProjectSection(SolutionItems) = preProject
		01-ddl.sql = 01-ddl.sql
		02-dml.sql = 02-dml.sql
		03-dcl.sql = 03-dcl.sql
		04-identity.sql = 04-identity.sql
		05-backup-truncate-drop.sql = 05-backup-truncate-drop.sql
	EndProjectSection
EndProject
Project("{FAE04EC0-301F-11D3-BF4B-00C04F79EFBC}") = "WindowsForms-10-Ado.Net", "WindowsForms-10-Ado.Net-01\WindowsForms-10-Ado.Net.csproj", "{99D31A36-B3C2-448D-80A6-441DA9F8C74B}"
EndProject
Project("{FAE04EC0-301F-11D3-BF4B-00C04F79EFBC}") = "WindowsForms-EntityFramework-01-Db-First", "WindowsForms-EntityFramework-Db-First-01\WindowsForms-EntityFramework-01-Db-First.csproj", "{40FDEB73-15B0-4213-BF84-4CE8405FCA24}"
EndProject
Project("{FAE04EC0-301F-11D3-BF4B-00C04F79EFBC}") = "WindowsForms-EntityFramework-02-Code-First", "WindowsForms-EntityFramework-Code-First-01\WindowsForms-EntityFramework-02-Code-First.csproj", "{D2B7EA05-0338-4755-8466-D53E6CA9DE43}"
EndProject
Project("{FAE04EC0-301F-11D3-BF4B-00C04F79EFBC}") = "WebApplication-01", "WebApplication-01\WebApplication-01.csproj", "{AF1DDF75-B1C2-4A6C-A4C4-26450C2C757F}"
EndProject
Global
	GlobalSection(SolutionConfigurationPlatforms) = preSolution
		Debug|Any CPU = Debug|Any CPU
		Release|Any CPU = Release|Any CPU
	EndGlobalSection
	GlobalSection(ProjectConfigurationPlatforms) = postSolution
		{91CE7555-5280-4DB1-B176-0B6E3812B9D4}.Debug|Any CPU.ActiveCfg = Debug|Any CPU
		{91CE7555-5280-4DB1-B176-0B6E3812B9D4}.Debug|Any CPU.Build.0 = Debug|Any CPU
		{91CE7555-5280-4DB1-B176-0B6E3812B9D4}.Release|Any CPU.ActiveCfg = Release|Any CPU
		{91CE7555-5280-4DB1-B176-0B6E3812B9D4}.Release|Any CPU.Build.0 = Release|Any CPU
		{1CEC0684-C25F-493D-821D-1F126FCC4E0F}.Debug|Any CPU.ActiveCfg = Debug|Any CPU
		{1CEC0684-C25F-493D-821D-1F126FCC4E0F}.Debug|Any CPU.Build.0 = Debug|Any CPU
		{1CEC0684-C25F-493D-821D-1F126FCC4E0F}.Release|Any CPU.ActiveCfg = Release|Any CPU
		{1CEC0684-C25F-493D-821D-1F126FCC4E0F}.Release|Any CPU.Build.0 = Release|Any CPU
		{2EDFA3C1-68A0-4202-84FC-A5D074A9066F}.Debug|Any CPU.ActiveCfg = Debug|Any CPU
		{2EDFA3C1-68A0-4202-84FC-A5D074A9066F}.Debug|Any CPU.Build.0 = Debug|Any CPU
		{2EDFA3C1-68A0-4202-84FC-A5D074A9066F}.Release|Any CPU.ActiveCfg = Release|Any CPU
		{2EDFA3C1-68A0-4202-84FC-A5D074A9066F}.Release|Any CPU.Build.0 = Release|Any CPU
		{C89D5723-8403-4EBE-B723-0BE9655A012F}.Debug|Any CPU.ActiveCfg = Debug|Any CPU
		{C89D5723-8403-4EBE-B723-0BE9655A012F}.Debug|Any CPU.Build.0 = Debug|Any CPU
		{C89D5723-8403-4EBE-B723-0BE9655A012F}.Release|Any CPU.ActiveCfg = Release|Any CPU
		{C89D5723-8403-4EBE-B723-0BE9655A012F}.Release|Any CPU.Build.0 = Release|Any CPU
		{C4F77F64-A5D6-4D3B-87C5-9B384D30A34F}.Debug|Any CPU.ActiveCfg = Debug|Any CPU
		{C4F77F64-A5D6-4D3B-87C5-9B384D30A34F}.Debug|Any CPU.Build.0 = Debug|Any CPU
		{C4F77F64-A5D6-4D3B-87C5-9B384D30A34F}.Release|Any CPU.ActiveCfg = Release|Any CPU
		{C4F77F64-A5D6-4D3B-87C5-9B384D30A34F}.Release|Any CPU.Build.0 = Release|Any CPU
		{6CBA013E-5EA8-4B29-B420-5C2B7A8B6130}.Debug|Any CPU.ActiveCfg = Debug|Any CPU
		{6CBA013E-5EA8-4B29-B420-5C2B7A8B6130}.Debug|Any CPU.Build.0 = Debug|Any CPU
		{6CBA013E-5EA8-4B29-B420-5C2B7A8B6130}.Release|Any CPU.ActiveCfg = Release|Any CPU
		{6CBA013E-5EA8-4B29-B420-5C2B7A8B6130}.Release|Any CPU.Build.0 = Release|Any CPU
		{65BF904B-2D7C-4404-AFF5-6B1928BBCF17}.Debug|Any CPU.ActiveCfg = Debug|Any CPU
		{65BF904B-2D7C-4404-AFF5-6B1928BBCF17}.Debug|Any CPU.Build.0 = Debug|Any CPU
		{65BF904B-2D7C-4404-AFF5-6B1928BBCF17}.Release|Any CPU.ActiveCfg = Release|Any CPU
		{65BF904B-2D7C-4404-AFF5-6B1928BBCF17}.Release|Any CPU.Build.0 = Release|Any CPU
		{B2B32284-255E-400F-93D5-7064B22C77F7}.Debug|Any CPU.ActiveCfg = Debug|Any CPU
		{B2B32284-255E-400F-93D5-7064B22C77F7}.Debug|Any CPU.Build.0 = Debug|Any CPU
		{B2B32284-255E-400F-93D5-7064B22C77F7}.Release|Any CPU.ActiveCfg = Release|Any CPU
		{B2B32284-255E-400F-93D5-7064B22C77F7}.Release|Any CPU.Build.0 = Release|Any CPU
		{4408D917-FDC2-4608-BD81-4BE3C6F17BE4}.Debug|Any CPU.ActiveCfg = Debug|Any CPU
		{4408D917-FDC2-4608-BD81-4BE3C6F17BE4}.Debug|Any CPU.Build.0 = Debug|Any CPU
		{4408D917-FDC2-4608-BD81-4BE3C6F17BE4}.Release|Any CPU.ActiveCfg = Release|Any CPU
		{4408D917-FDC2-4608-BD81-4BE3C6F17BE4}.Release|Any CPU.Build.0 = Release|Any CPU
		{E4D6DA7A-0FDB-4A54-B35D-EA442D9A88E9}.Debug|Any CPU.ActiveCfg = Debug|Any CPU
		{E4D6DA7A-0FDB-4A54-B35D-EA442D9A88E9}.Debug|Any CPU.Build.0 = Debug|Any CPU
		{E4D6DA7A-0FDB-4A54-B35D-EA442D9A88E9}.Release|Any CPU.ActiveCfg = Release|Any CPU
		{E4D6DA7A-0FDB-4A54-B35D-EA442D9A88E9}.Release|Any CPU.Build.0 = Release|Any CPU
		{9F2C9A51-8F63-4F3C-85ED-C469D4FF0959}.Debug|Any CPU.ActiveCfg = Debug|Any CPU
		{9F2C9A51-8F63-4F3C-85ED-C469D4FF0959}.Debug|Any CPU.Build.0 = Debug|Any CPU
		{9F2C9A51-8F63-4F3C-85ED-C469D4FF0959}.Release|Any CPU.ActiveCfg = Release|Any CPU
		{9F2C9A51-8F63-4F3C-85ED-C469D4FF0959}.Release|Any CPU.Build.0 = Release|Any CPU
		{417474E6-AB92-4B9B-AC57-D17BB5E43E54}.Debug|Any CPU.ActiveCfg = Debug|Any CPU
		{417474E6-AB92-4B9B-AC57-D17BB5E43E54}.Debug|Any CPU.Build.0 = Debug|Any CPU
		{417474E6-AB92-4B9B-AC57-D17BB5E43E54}.Release|Any CPU.ActiveCfg = Release|Any CPU
		{417474E6-AB92-4B9B-AC57-D17BB5E43E54}.Release|Any CPU.Build.0 = Release|Any CPU
		{A55BD3D9-A999-4C4A-B348-702153FD5350}.Debug|Any CPU.ActiveCfg = Debug|Any CPU
		{A55BD3D9-A999-4C4A-B348-702153FD5350}.Debug|Any CPU.Build.0 = Debug|Any CPU
		{A55BD3D9-A999-4C4A-B348-702153FD5350}.Release|Any CPU.ActiveCfg = Release|Any CPU
		{A55BD3D9-A999-4C4A-B348-702153FD5350}.Release|Any CPU.Build.0 = Release|Any CPU
		{7A4CF25F-C8B5-4918-B658-764F8A49246D}.Debug|Any CPU.ActiveCfg = Debug|Any CPU
		{7A4CF25F-C8B5-4918-B658-764F8A49246D}.Debug|Any CPU.Build.0 = Debug|Any CPU
		{7A4CF25F-C8B5-4918-B658-764F8A49246D}.Release|Any CPU.ActiveCfg = Release|Any CPU
		{7A4CF25F-C8B5-4918-B658-764F8A49246D}.Release|Any CPU.Build.0 = Release|Any CPU
		{D4D89D7D-E7A5-4649-9DE8-E1CA9CEE25DC}.Debug|Any CPU.ActiveCfg = Debug|Any CPU
		{D4D89D7D-E7A5-4649-9DE8-E1CA9CEE25DC}.Debug|Any CPU.Build.0 = Debug|Any CPU
		{D4D89D7D-E7A5-4649-9DE8-E1CA9CEE25DC}.Release|Any CPU.ActiveCfg = Release|Any CPU
		{D4D89D7D-E7A5-4649-9DE8-E1CA9CEE25DC}.Release|Any CPU.Build.0 = Release|Any CPU
		{E3C65699-3C6D-4744-8D9E-2C2544454411}.Debug|Any CPU.ActiveCfg = Debug|Any CPU
		{E3C65699-3C6D-4744-8D9E-2C2544454411}.Debug|Any CPU.Build.0 = Debug|Any CPU
		{E3C65699-3C6D-4744-8D9E-2C2544454411}.Release|Any CPU.ActiveCfg = Release|Any CPU
		{E3C65699-3C6D-4744-8D9E-2C2544454411}.Release|Any CPU.Build.0 = Release|Any CPU
		{9518207F-63B9-4488-9718-7AB362A64DCE}.Debug|Any CPU.ActiveCfg = Debug|Any CPU
		{9518207F-63B9-4488-9718-7AB362A64DCE}.Debug|Any CPU.Build.0 = Debug|Any CPU
		{9518207F-63B9-4488-9718-7AB362A64DCE}.Release|Any CPU.ActiveCfg = Release|Any CPU
		{9518207F-63B9-4488-9718-7AB362A64DCE}.Release|Any CPU.Build.0 = Release|Any CPU
		{916F0E81-1CFC-4575-B8B6-F9CD1D299B31}.Debug|Any CPU.ActiveCfg = Debug|Any CPU
		{916F0E81-1CFC-4575-B8B6-F9CD1D299B31}.Debug|Any CPU.Build.0 = Debug|Any CPU
		{916F0E81-1CFC-4575-B8B6-F9CD1D299B31}.Release|Any CPU.ActiveCfg = Release|Any CPU
		{916F0E81-1CFC-4575-B8B6-F9CD1D299B31}.Release|Any CPU.Build.0 = Release|Any CPU
		{BC1D3102-1FE6-4AEF-93E5-34DABD4AFB3A}.Debug|Any CPU.ActiveCfg = Debug|Any CPU
		{BC1D3102-1FE6-4AEF-93E5-34DABD4AFB3A}.Debug|Any CPU.Build.0 = Debug|Any CPU
		{BC1D3102-1FE6-4AEF-93E5-34DABD4AFB3A}.Release|Any CPU.ActiveCfg = Release|Any CPU
		{BC1D3102-1FE6-4AEF-93E5-34DABD4AFB3A}.Release|Any CPU.Build.0 = Release|Any CPU
		{52B78124-82DC-4C8F-B66C-30B623BEAC22}.Debug|Any CPU.ActiveCfg = Debug|Any CPU
		{52B78124-82DC-4C8F-B66C-30B623BEAC22}.Debug|Any CPU.Build.0 = Debug|Any CPU
		{52B78124-82DC-4C8F-B66C-30B623BEAC22}.Release|Any CPU.ActiveCfg = Release|Any CPU
		{52B78124-82DC-4C8F-B66C-30B623BEAC22}.Release|Any CPU.Build.0 = Release|Any CPU
		{CDCEBCEB-7F30-4F18-B73A-A23B0F990302}.Debug|Any CPU.ActiveCfg = Debug|Any CPU
		{CDCEBCEB-7F30-4F18-B73A-A23B0F990302}.Debug|Any CPU.Build.0 = Debug|Any CPU
		{CDCEBCEB-7F30-4F18-B73A-A23B0F990302}.Release|Any CPU.ActiveCfg = Release|Any CPU
		{CDCEBCEB-7F30-4F18-B73A-A23B0F990302}.Release|Any CPU.Build.0 = Release|Any CPU
		{984BC6EA-6E85-4F70-89C4-9A2C100F0467}.Debug|Any CPU.ActiveCfg = Debug|Any CPU
		{984BC6EA-6E85-4F70-89C4-9A2C100F0467}.Debug|Any CPU.Build.0 = Debug|Any CPU
		{984BC6EA-6E85-4F70-89C4-9A2C100F0467}.Release|Any CPU.ActiveCfg = Release|Any CPU
		{984BC6EA-6E85-4F70-89C4-9A2C100F0467}.Release|Any CPU.Build.0 = Release|Any CPU
		{D04DC659-B3B4-42D6-8AE2-27F62E64A742}.Debug|Any CPU.ActiveCfg = Debug|Any CPU
		{D04DC659-B3B4-42D6-8AE2-27F62E64A742}.Debug|Any CPU.Build.0 = Debug|Any CPU
		{D04DC659-B3B4-42D6-8AE2-27F62E64A742}.Release|Any CPU.ActiveCfg = Release|Any CPU
		{D04DC659-B3B4-42D6-8AE2-27F62E64A742}.Release|Any CPU.Build.0 = Release|Any CPU
		{E72B7468-8824-4C48-92DD-39954ABE90D5}.Debug|Any CPU.ActiveCfg = Debug|Any CPU
		{E72B7468-8824-4C48-92DD-39954ABE90D5}.Debug|Any CPU.Build.0 = Debug|Any CPU
		{E72B7468-8824-4C48-92DD-39954ABE90D5}.Release|Any CPU.ActiveCfg = Release|Any CPU
		{E72B7468-8824-4C48-92DD-39954ABE90D5}.Release|Any CPU.Build.0 = Release|Any CPU
		{495C8FB8-A578-4FF6-B9EE-89FFE2EED955}.Debug|Any CPU.ActiveCfg = Debug|Any CPU
		{495C8FB8-A578-4FF6-B9EE-89FFE2EED955}.Debug|Any CPU.Build.0 = Debug|Any CPU
		{495C8FB8-A578-4FF6-B9EE-89FFE2EED955}.Release|Any CPU.ActiveCfg = Release|Any CPU
		{495C8FB8-A578-4FF6-B9EE-89FFE2EED955}.Release|Any CPU.Build.0 = Release|Any CPU
		{2A152AAC-36DE-447A-817F-62A3237A466F}.Debug|Any CPU.ActiveCfg = Debug|Any CPU
		{2A152AAC-36DE-447A-817F-62A3237A466F}.Debug|Any CPU.Build.0 = Debug|Any CPU
		{2A152AAC-36DE-447A-817F-62A3237A466F}.Release|Any CPU.ActiveCfg = Release|Any CPU
		{2A152AAC-36DE-447A-817F-62A3237A466F}.Release|Any CPU.Build.0 = Release|Any CPU
		{BBD02E96-7837-4629-8BE6-ED13BD66F085}.Debug|Any CPU.ActiveCfg = Debug|Any CPU
		{BBD02E96-7837-4629-8BE6-ED13BD66F085}.Debug|Any CPU.Build.0 = Debug|Any CPU
		{BBD02E96-7837-4629-8BE6-ED13BD66F085}.Release|Any CPU.ActiveCfg = Release|Any CPU
		{BBD02E96-7837-4629-8BE6-ED13BD66F085}.Release|Any CPU.Build.0 = Release|Any CPU
		{54265B9E-2B6D-4BCC-A6B9-BD6FA8E23411}.Debug|Any CPU.ActiveCfg = Debug|Any CPU
		{54265B9E-2B6D-4BCC-A6B9-BD6FA8E23411}.Debug|Any CPU.Build.0 = Debug|Any CPU
		{54265B9E-2B6D-4BCC-A6B9-BD6FA8E23411}.Release|Any CPU.ActiveCfg = Release|Any CPU
		{54265B9E-2B6D-4BCC-A6B9-BD6FA8E23411}.Release|Any CPU.Build.0 = Release|Any CPU
		{E742E9D9-29EE-4C62-8346-345BA2F8CEEC}.Debug|Any CPU.ActiveCfg = Debug|Any CPU
		{E742E9D9-29EE-4C62-8346-345BA2F8CEEC}.Debug|Any CPU.Build.0 = Debug|Any CPU
		{E742E9D9-29EE-4C62-8346-345BA2F8CEEC}.Release|Any CPU.ActiveCfg = Release|Any CPU
		{E742E9D9-29EE-4C62-8346-345BA2F8CEEC}.Release|Any CPU.Build.0 = Release|Any CPU
		{CEC4060D-7AA1-417B-93F2-7263F156A637}.Debug|Any CPU.ActiveCfg = Debug|Any CPU
		{CEC4060D-7AA1-417B-93F2-7263F156A637}.Debug|Any CPU.Build.0 = Debug|Any CPU
		{CEC4060D-7AA1-417B-93F2-7263F156A637}.Release|Any CPU.ActiveCfg = Release|Any CPU
		{CEC4060D-7AA1-417B-93F2-7263F156A637}.Release|Any CPU.Build.0 = Release|Any CPU
		{BA495A0C-85BE-47E4-8E16-D929F5ECC577}.Debug|Any CPU.ActiveCfg = Debug|Any CPU
		{BA495A0C-85BE-47E4-8E16-D929F5ECC577}.Debug|Any CPU.Build.0 = Debug|Any CPU
		{BA495A0C-85BE-47E4-8E16-D929F5ECC577}.Release|Any CPU.ActiveCfg = Release|Any CPU
		{BA495A0C-85BE-47E4-8E16-D929F5ECC577}.Release|Any CPU.Build.0 = Release|Any CPU
		{C9A806D8-657C-4FDB-AB66-AA468EE71ECA}.Debug|Any CPU.ActiveCfg = Debug|Any CPU
		{C9A806D8-657C-4FDB-AB66-AA468EE71ECA}.Debug|Any CPU.Build.0 = Debug|Any CPU
		{C9A806D8-657C-4FDB-AB66-AA468EE71ECA}.Release|Any CPU.ActiveCfg = Release|Any CPU
		{C9A806D8-657C-4FDB-AB66-AA468EE71ECA}.Release|Any CPU.Build.0 = Release|Any CPU
		{DC399573-976B-47BE-9B10-C99AD795A649}.Debug|Any CPU.ActiveCfg = Debug|Any CPU
		{DC399573-976B-47BE-9B10-C99AD795A649}.Debug|Any CPU.Build.0 = Debug|Any CPU
		{DC399573-976B-47BE-9B10-C99AD795A649}.Release|Any CPU.ActiveCfg = Release|Any CPU
		{DC399573-976B-47BE-9B10-C99AD795A649}.Release|Any CPU.Build.0 = Release|Any CPU
		{4D55D9F8-DD5E-4A1F-A89C-A5F00D29C4D0}.Debug|Any CPU.ActiveCfg = Debug|Any CPU
		{4D55D9F8-DD5E-4A1F-A89C-A5F00D29C4D0}.Debug|Any CPU.Build.0 = Debug|Any CPU
		{4D55D9F8-DD5E-4A1F-A89C-A5F00D29C4D0}.Release|Any CPU.ActiveCfg = Release|Any CPU
		{4D55D9F8-DD5E-4A1F-A89C-A5F00D29C4D0}.Release|Any CPU.Build.0 = Release|Any CPU
		{F5561E02-C032-4E6C-853C-81036CC21115}.Debug|Any CPU.ActiveCfg = Debug|Any CPU
		{F5561E02-C032-4E6C-853C-81036CC21115}.Debug|Any CPU.Build.0 = Debug|Any CPU
		{F5561E02-C032-4E6C-853C-81036CC21115}.Release|Any CPU.ActiveCfg = Release|Any CPU
		{F5561E02-C032-4E6C-853C-81036CC21115}.Release|Any CPU.Build.0 = Release|Any CPU
		{99D31A36-B3C2-448D-80A6-441DA9F8C74B}.Debug|Any CPU.ActiveCfg = Debug|Any CPU
		{99D31A36-B3C2-448D-80A6-441DA9F8C74B}.Debug|Any CPU.Build.0 = Debug|Any CPU
		{99D31A36-B3C2-448D-80A6-441DA9F8C74B}.Release|Any CPU.ActiveCfg = Release|Any CPU
		{99D31A36-B3C2-448D-80A6-441DA9F8C74B}.Release|Any CPU.Build.0 = Release|Any CPU
		{40FDEB73-15B0-4213-BF84-4CE8405FCA24}.Debug|Any CPU.ActiveCfg = Debug|Any CPU
		{40FDEB73-15B0-4213-BF84-4CE8405FCA24}.Debug|Any CPU.Build.0 = Debug|Any CPU
		{40FDEB73-15B0-4213-BF84-4CE8405FCA24}.Release|Any CPU.ActiveCfg = Release|Any CPU
		{40FDEB73-15B0-4213-BF84-4CE8405FCA24}.Release|Any CPU.Build.0 = Release|Any CPU
		{D2B7EA05-0338-4755-8466-D53E6CA9DE43}.Debug|Any CPU.ActiveCfg = Debug|Any CPU
		{D2B7EA05-0338-4755-8466-D53E6CA9DE43}.Debug|Any CPU.Build.0 = Debug|Any CPU
		{D2B7EA05-0338-4755-8466-D53E6CA9DE43}.Release|Any CPU.ActiveCfg = Release|Any CPU
		{D2B7EA05-0338-4755-8466-D53E6CA9DE43}.Release|Any CPU.Build.0 = Release|Any CPU
		{AF1DDF75-B1C2-4A6C-A4C4-26450C2C757F}.Debug|Any CPU.ActiveCfg = Debug|Any CPU
		{AF1DDF75-B1C2-4A6C-A4C4-26450C2C757F}.Debug|Any CPU.Build.0 = Debug|Any CPU
		{AF1DDF75-B1C2-4A6C-A4C4-26450C2C757F}.Release|Any CPU.ActiveCfg = Release|Any CPU
		{AF1DDF75-B1C2-4A6C-A4C4-26450C2C757F}.Release|Any CPU.Build.0 = Release|Any CPU
	EndGlobalSection
	GlobalSection(SolutionProperties) = preSolution
		HideSolutionNode = FALSE
	EndGlobalSection
	GlobalSection(ExtensibilityGlobals) = postSolution
		SolutionGuid = {9AA18A15-01CA-46C8-8E01-0EBD6E1F3E43}
	EndGlobalSection
EndGlobal
